
Microsoft Visual Studio Solution File, Format Version 12.00
# Visual Studio Version 17
VisualStudioVersion = 17.4.33213.308
MinimumVisualStudioVersion = 10.0.40219.1
Project("{FAE04EC0-301F-11D3-BF4B-00C04F79EFBC}") = "MeinDiscordBot", "MeinDiscordBot\MeinDiscordBot.csproj", "{A84A8AD2-3C0C-4A32-9EE6-E39CE5F325F6}"
EndProject
Global
	GlobalSection(SolutionConfigurationPlatforms) = preSolution
		Debug|Any CPU = Debug|Any CPU
		Release|Any CPU = Release|Any CPU
	EndGlobalSection
	GlobalSection(ProjectConfigurationPlatforms) = postSolution
		{A84A8AD2-3C0C-4A32-9EE6-E39CE5F325F6}.Debug|Any CPU.ActiveCfg = Debug|Any CPU
		{A84A8AD2-3C0C-4A32-9EE6-E39CE5F325F6}.Debug|Any CPU.Build.0 = Debug|Any CPU
		{A84A8AD2-3C0C-4A32-9EE6-E39CE5F325F6}.Release|Any CPU.ActiveCfg = Release|Any CPU
		{A84A8AD2-3C0C-4A32-9EE6-E39CE5F325F6}.Release|Any CPU.Build.0 = Release|Any CPU
	EndGlobalSection
	GlobalSection(SolutionProperties) = preSolution
		HideSolutionNode = FALSE
	EndGlobalSection
	GlobalSection(ExtensibilityGlobals) = postSolution
		SolutionGuid = {38A79F4E-DDC0-478C-A8BB-756B4B9AE4A3}
	EndGlobalSection
EndGlobal
